
Microsoft Visual Studio Solution File, Format Version 12.00
# Visual Studio Version 17
VisualStudioVersion = 17.8.34330.188
MinimumVisualStudioVersion = 10.0.40219.1
Project("{FAE04EC0-301F-11D3-BF4B-00C04F79EFBC}") = "pz6", "pz6\pz6.csproj", "{BB924C1A-5268-4792-883C-A355D4D003FF}"
EndProject
Global
	GlobalSection(SolutionConfigurationPlatforms) = preSolution
		Debug|Any CPU = Debug|Any CPU
		Release|Any CPU = Release|Any CPU
	EndGlobalSection
	GlobalSection(ProjectConfigurationPlatforms) = postSolution
		{BB924C1A-5268-4792-883C-A355D4D003FF}.Debug|Any CPU.ActiveCfg = Debug|Any CPU
		{BB924C1A-5268-4792-883C-A355D4D003FF}.Debug|Any CPU.Build.0 = Debug|Any CPU
		{BB924C1A-5268-4792-883C-A355D4D003FF}.Release|Any CPU.ActiveCfg = Release|Any CPU
		{BB924C1A-5268-4792-883C-A355D4D003FF}.Release|Any CPU.Build.0 = Release|Any CPU
	EndGlobalSection
	GlobalSection(SolutionProperties) = preSolution
		HideSolutionNode = FALSE
	EndGlobalSection
	GlobalSection(ExtensibilityGlobals) = postSolution
		SolutionGuid = {1AD44A60-4250-4A19-986F-14005EB79FB4}
	EndGlobalSection
EndGlobal
