
Microsoft Visual Studio Solution File, Format Version 12.00
# Visual Studio Version 17
VisualStudioVersion = 17.7.34003.232
MinimumVisualStudioVersion = 10.0.40219.1
Project("{FAE04EC0-301F-11D3-BF4B-00C04F79EFBC}") = "pract15", "pract15\pract15.csproj", "{BF32EC3F-6E16-4435-9B82-5D8E0F1D867E}"
EndProject
Global
	GlobalSection(SolutionConfigurationPlatforms) = preSolution
		Debug|Any CPU = Debug|Any CPU
		Release|Any CPU = Release|Any CPU
	EndGlobalSection
	GlobalSection(ProjectConfigurationPlatforms) = postSolution
		{BF32EC3F-6E16-4435-9B82-5D8E0F1D867E}.Debug|Any CPU.ActiveCfg = Debug|Any CPU
		{BF32EC3F-6E16-4435-9B82-5D8E0F1D867E}.Debug|Any CPU.Build.0 = Debug|Any CPU
		{BF32EC3F-6E16-4435-9B82-5D8E0F1D867E}.Release|Any CPU.ActiveCfg = Release|Any CPU
		{BF32EC3F-6E16-4435-9B82-5D8E0F1D867E}.Release|Any CPU.Build.0 = Release|Any CPU
	EndGlobalSection
	GlobalSection(SolutionProperties) = preSolution
		HideSolutionNode = FALSE
	EndGlobalSection
	GlobalSection(ExtensibilityGlobals) = postSolution
		SolutionGuid = {428D6F97-CC9F-474D-B973-BB9B36307D2D}
	EndGlobalSection
EndGlobal
